// !$*UTF8*$!
{
	archiveVersion = 1;
	classes = {
	};
	objectVersion = 56;
	objects = {

/* Begin PBXBuildFile section */
		C72ECE9F2D0D9CDA00B4CDA1 /* Colors.swift in Sources */ = {isa = PBXBuildFile; fileRef = C72ECE9E2D0D9CDA00B4CDA1 /* Colors.swift */; };
		C72ECEA12D0D9D0600B4CDA1 /* Typography.swift in Sources */ = {isa = PBXBuildFile; fileRef = C72ECEA02D0D9D0600B4CDA1 /* Typography.swift */; };
		C72ECEA62D0D9D5900B4CDA1 /* Assets.xcassets in Resources */ = {isa = PBXBuildFile; fileRef = C72ECEA52D0D9D5900B4CDA1 /* Assets.xcassets */; };
		C72ECEA82D0D9DA600B4CDA1 /* HomeView.swift in Sources */ = {isa = PBXBuildFile; fileRef = C72ECEA72D0D9DA600B4CDA1 /* HomeView.swift */; };
		C72ECEAA2D0D9DC800B4CDA1 /* HomeViewController.swift in Sources */ = {isa = PBXBuildFile; fileRef = C72ECEA92D0D9DC800B4CDA1 /* HomeViewController.swift */; };
		C72ECEAF2D0D9E6B00B4CDA1 /* NearbyFlowController.swift in Sources */ = {isa = PBXBuildFile; fileRef = C72ECEAE2D0D9E6B00B4CDA1 /* NearbyFlowController.swift */; };
		C72ECEB42D0D9FBA00B4CDA1 /* SplashViewController.swift in Sources */ = {isa = PBXBuildFile; fileRef = C72ECEB32D0D9FBA00B4CDA1 /* SplashViewController.swift */; };
		C72ECEB62D0D9FE300B4CDA1 /* SplashView.swift in Sources */ = {isa = PBXBuildFile; fileRef = C72ECEB52D0D9FE300B4CDA1 /* SplashView.swift */; };
		C72ECEBB2D0DA0E700B4CDA1 /* TipsView.swift in Sources */ = {isa = PBXBuildFile; fileRef = C72ECEBA2D0DA0E700B4CDA1 /* TipsView.swift */; };
		C72ECEC02D0DA18900B4CDA1 /* PlaceTableViewCell.swift in Sources */ = {isa = PBXBuildFile; fileRef = C72ECEBF2D0DA18900B4CDA1 /* PlaceTableViewCell.swift */; };
		C72ECEC22D0DA1CD00B4CDA1 /* SplashFlowDelegate.swift in Sources */ = {isa = PBXBuildFile; fileRef = C72ECEC12D0DA1CD00B4CDA1 /* SplashFlowDelegate.swift */; };
		C72ECEC42D0DA22E00B4CDA1 /* WelcomeView.swift in Sources */ = {isa = PBXBuildFile; fileRef = C72ECEC32D0DA22E00B4CDA1 /* WelcomeView.swift */; };
		C72ECEC62D0DA25A00B4CDA1 /* WelcomeViewController.swift in Sources */ = {isa = PBXBuildFile; fileRef = C72ECEC52D0DA25A00B4CDA1 /* WelcomeViewController.swift */; };
		C72ECEC82D0DA2A800B4CDA1 /* PlaceModel.swift in Sources */ = {isa = PBXBuildFile; fileRef = C72ECEC72D0DA2A800B4CDA1 /* PlaceModel.swift */; };
		C72ECECA2D0DA4B900B4CDA1 /* PlaceAnnotation.swift in Sources */ = {isa = PBXBuildFile; fileRef = C72ECEC92D0DA4B900B4CDA1 /* PlaceAnnotation.swift */; };
		C72ECECC2D0DA4C700B4CDA1 /* CategoryModel.swift in Sources */ = {isa = PBXBuildFile; fileRef = C72ECECB2D0DA4C700B4CDA1 /* CategoryModel.swift */; };
		C72ECECF2D0DA56800B4CDA1 /* DetailsViewController.swift in Sources */ = {isa = PBXBuildFile; fileRef = C72ECECE2D0DA56800B4CDA1 /* DetailsViewController.swift */; };
		C72ECED22D0DA5B400B4CDA1 /* HomeViewModel.swift in Sources */ = {isa = PBXBuildFile; fileRef = C72ECED12D0DA5B400B4CDA1 /* HomeViewModel.swift */; };
		C72ECED42D0DA67200B4CDA1 /* WelcomeFlowDelegate.swift in Sources */ = {isa = PBXBuildFile; fileRef = C72ECED32D0DA67200B4CDA1 /* WelcomeFlowDelegate.swift */; };
		C72ECED62D0DA99700B4CDA1 /* UiViewController+ext.swift in Sources */ = {isa = PBXBuildFile; fileRef = C72ECED52D0DA99700B4CDA1 /* UiViewController+ext.swift */; };
		C7C5B78B2D0D978900D6B21C /* AppDelegate.swift in Sources */ = {isa = PBXBuildFile; fileRef = C7C5B78A2D0D978900D6B21C /* AppDelegate.swift */; };
		C7C5B78D2D0D978900D6B21C /* SceneDelegate.swift in Sources */ = {isa = PBXBuildFile; fileRef = C7C5B78C2D0D978900D6B21C /* SceneDelegate.swift */; };
		C7C5B7A22D0D978C00D6B21C /* NearbyTests.swift in Sources */ = {isa = PBXBuildFile; fileRef = C7C5B7A12D0D978C00D6B21C /* NearbyTests.swift */; };
		C7C5B7AC2D0D978C00D6B21C /* NearbyUITests.swift in Sources */ = {isa = PBXBuildFile; fileRef = C7C5B7AB2D0D978C00D6B21C /* NearbyUITests.swift */; };
		C7C5B7AE2D0D978C00D6B21C /* NearbyUITestsLaunchTests.swift in Sources */ = {isa = PBXBuildFile; fileRef = C7C5B7AD2D0D978C00D6B21C /* NearbyUITestsLaunchTests.swift */; };
/* End PBXBuildFile section */

/* Begin PBXContainerItemProxy section */
		C7C5B79E2D0D978C00D6B21C /* PBXContainerItemProxy */ = {
			isa = PBXContainerItemProxy;
			containerPortal = C7C5B77F2D0D978900D6B21C /* Project object */;
			proxyType = 1;
			remoteGlobalIDString = C7C5B7862D0D978900D6B21C;
			remoteInfo = Nearby;
		};
		C7C5B7A82D0D978C00D6B21C /* PBXContainerItemProxy */ = {
			isa = PBXContainerItemProxy;
			containerPortal = C7C5B77F2D0D978900D6B21C /* Project object */;
			proxyType = 1;
			remoteGlobalIDString = C7C5B7862D0D978900D6B21C;
			remoteInfo = Nearby;
		};
/* End PBXContainerItemProxy section */

/* Begin PBXFileReference section */
		C72ECE9E2D0D9CDA00B4CDA1 /* Colors.swift */ = {isa = PBXFileReference; lastKnownFileType = sourcecode.swift; path = Colors.swift; sourceTree = "<group>"; };
		C72ECEA02D0D9D0600B4CDA1 /* Typography.swift */ = {isa = PBXFileReference; lastKnownFileType = sourcecode.swift; path = Typography.swift; sourceTree = "<group>"; };
		C72ECEA52D0D9D5900B4CDA1 /* Assets.xcassets */ = {isa = PBXFileReference; lastKnownFileType = folder.assetcatalog; name = Assets.xcassets; path = ../../../../../Downloads/Resources/Assets.xcassets; sourceTree = "<group>"; };
		C72ECEA72D0D9DA600B4CDA1 /* HomeView.swift */ = {isa = PBXFileReference; lastKnownFileType = sourcecode.swift; path = HomeView.swift; sourceTree = "<group>"; };
		C72ECEA92D0D9DC800B4CDA1 /* HomeViewController.swift */ = {isa = PBXFileReference; lastKnownFileType = sourcecode.swift; path = HomeViewController.swift; sourceTree = "<group>"; };
		C72ECEAE2D0D9E6B00B4CDA1 /* NearbyFlowController.swift */ = {isa = PBXFileReference; lastKnownFileType = sourcecode.swift; path = NearbyFlowController.swift; sourceTree = "<group>"; };
		C72ECEB32D0D9FBA00B4CDA1 /* SplashViewController.swift */ = {isa = PBXFileReference; lastKnownFileType = sourcecode.swift; path = SplashViewController.swift; sourceTree = "<group>"; };
		C72ECEB52D0D9FE300B4CDA1 /* SplashView.swift */ = {isa = PBXFileReference; lastKnownFileType = sourcecode.swift; path = SplashView.swift; sourceTree = "<group>"; };
		C72ECEBA2D0DA0E700B4CDA1 /* TipsView.swift */ = {isa = PBXFileReference; lastKnownFileType = sourcecode.swift; path = TipsView.swift; sourceTree = "<group>"; };
		C72ECEBF2D0DA18900B4CDA1 /* PlaceTableViewCell.swift */ = {isa = PBXFileReference; lastKnownFileType = sourcecode.swift; path = PlaceTableViewCell.swift; sourceTree = "<group>"; };
		C72ECEC12D0DA1CD00B4CDA1 /* SplashFlowDelegate.swift */ = {isa = PBXFileReference; lastKnownFileType = sourcecode.swift; path = SplashFlowDelegate.swift; sourceTree = "<group>"; };
		C72ECEC32D0DA22E00B4CDA1 /* WelcomeView.swift */ = {isa = PBXFileReference; lastKnownFileType = sourcecode.swift; path = WelcomeView.swift; sourceTree = "<group>"; };
		C72ECEC52D0DA25A00B4CDA1 /* WelcomeViewController.swift */ = {isa = PBXFileReference; lastKnownFileType = sourcecode.swift; path = WelcomeViewController.swift; sourceTree = "<group>"; };
		C72ECEC72D0DA2A800B4CDA1 /* PlaceModel.swift */ = {isa = PBXFileReference; lastKnownFileType = sourcecode.swift; path = PlaceModel.swift; sourceTree = "<group>"; };
		C72ECEC92D0DA4B900B4CDA1 /* PlaceAnnotation.swift */ = {isa = PBXFileReference; lastKnownFileType = sourcecode.swift; path = PlaceAnnotation.swift; sourceTree = "<group>"; };
		C72ECECB2D0DA4C700B4CDA1 /* CategoryModel.swift */ = {isa = PBXFileReference; lastKnownFileType = sourcecode.swift; path = CategoryModel.swift; sourceTree = "<group>"; };
		C72ECECE2D0DA56800B4CDA1 /* DetailsViewController.swift */ = {isa = PBXFileReference; lastKnownFileType = sourcecode.swift; path = DetailsViewController.swift; sourceTree = "<group>"; };
		C72ECED12D0DA5B400B4CDA1 /* HomeViewModel.swift */ = {isa = PBXFileReference; lastKnownFileType = sourcecode.swift; path = HomeViewModel.swift; sourceTree = "<group>"; };
		C72ECED32D0DA67200B4CDA1 /* WelcomeFlowDelegate.swift */ = {isa = PBXFileReference; lastKnownFileType = sourcecode.swift; path = WelcomeFlowDelegate.swift; sourceTree = "<group>"; };
		C72ECED52D0DA99700B4CDA1 /* UiViewController+ext.swift */ = {isa = PBXFileReference; lastKnownFileType = sourcecode.swift; path = "UiViewController+ext.swift"; sourceTree = "<group>"; };
		C7C5B7872D0D978900D6B21C /* Nearby.app */ = {isa = PBXFileReference; explicitFileType = wrapper.application; includeInIndex = 0; path = Nearby.app; sourceTree = BUILT_PRODUCTS_DIR; };
		C7C5B78A2D0D978900D6B21C /* AppDelegate.swift */ = {isa = PBXFileReference; lastKnownFileType = sourcecode.swift; path = AppDelegate.swift; sourceTree = "<group>"; };
		C7C5B78C2D0D978900D6B21C /* SceneDelegate.swift */ = {isa = PBXFileReference; lastKnownFileType = sourcecode.swift; path = SceneDelegate.swift; sourceTree = "<group>"; };
		C7C5B7982D0D978B00D6B21C /* Info.plist */ = {isa = PBXFileReference; lastKnownFileType = text.plist.xml; path = Info.plist; sourceTree = "<group>"; };
		C7C5B79D2D0D978C00D6B21C /* NearbyTests.xctest */ = {isa = PBXFileReference; explicitFileType = wrapper.cfbundle; includeInIndex = 0; path = NearbyTests.xctest; sourceTree = BUILT_PRODUCTS_DIR; };
		C7C5B7A12D0D978C00D6B21C /* NearbyTests.swift */ = {isa = PBXFileReference; lastKnownFileType = sourcecode.swift; path = NearbyTests.swift; sourceTree = "<group>"; };
		C7C5B7A72D0D978C00D6B21C /* NearbyUITests.xctest */ = {isa = PBXFileReference; explicitFileType = wrapper.cfbundle; includeInIndex = 0; path = NearbyUITests.xctest; sourceTree = BUILT_PRODUCTS_DIR; };
		C7C5B7AB2D0D978C00D6B21C /* NearbyUITests.swift */ = {isa = PBXFileReference; lastKnownFileType = sourcecode.swift; path = NearbyUITests.swift; sourceTree = "<group>"; };
		C7C5B7AD2D0D978C00D6B21C /* NearbyUITestsLaunchTests.swift */ = {isa = PBXFileReference; lastKnownFileType = sourcecode.swift; path = NearbyUITestsLaunchTests.swift; sourceTree = "<group>"; };
/* End PBXFileReference section */

/* Begin PBXFrameworksBuildPhase section */
		C7C5B7842D0D978900D6B21C /* Frameworks */ = {
			isa = PBXFrameworksBuildPhase;
			buildActionMask = 2147483647;
			files = (
			);
			runOnlyForDeploymentPostprocessing = 0;
		};
		C7C5B79A2D0D978C00D6B21C /* Frameworks */ = {
			isa = PBXFrameworksBuildPhase;
			buildActionMask = 2147483647;
			files = (
			);
			runOnlyForDeploymentPostprocessing = 0;
		};
		C7C5B7A42D0D978C00D6B21C /* Frameworks */ = {
			isa = PBXFrameworksBuildPhase;
			buildActionMask = 2147483647;
			files = (
			);
			runOnlyForDeploymentPostprocessing = 0;
		};
/* End PBXFrameworksBuildPhase section */

/* Begin PBXGroup section */
		C72ECEA22D0D9D1F00B4CDA1 /* Resources */ = {
			isa = PBXGroup;
			children = (
				C72ECEA52D0D9D5900B4CDA1 /* Assets.xcassets */,
			);
			path = Resources;
			sourceTree = "<group>";
		};
		C72ECEA32D0D9D2B00B4CDA1 /* Constants */ = {
			isa = PBXGroup;
			children = (
				C72ECEA02D0D9D0600B4CDA1 /* Typography.swift */,
				C72ECE9E2D0D9CDA00B4CDA1 /* Colors.swift */,
			);
			path = Constants;
			sourceTree = "<group>";
		};
		C72ECEA42D0D9D3500B4CDA1 /* Features */ = {
			isa = PBXGroup;
			children = (
				C72ECEB92D0DA0CB00B4CDA1 /* Extensions */,
				C72ECEB82D0DA0BD00B4CDA1 /* Components */,
				C72ECEB72D0DA0B400B4CDA1 /* Model */,
				C72ECEB12D0D9FA000B4CDA1 /* Scenes */,
				C72ECEAB2D0D9E3200B4CDA1 /* Coordinator */,
			);
			path = Features;
			sourceTree = "<group>";
		};
		C72ECEAB2D0D9E3200B4CDA1 /* Coordinator */ = {
			isa = PBXGroup;
			children = (
				C72ECEAE2D0D9E6B00B4CDA1 /* NearbyFlowController.swift */,
			);
			path = Coordinator;
			sourceTree = "<group>";
		};
		C72ECEB12D0D9FA000B4CDA1 /* Scenes */ = {
			isa = PBXGroup;
			children = (
				C72ECECD2D0DA54F00B4CDA1 /* DetailsView */,
				C72ECEBD2D0DA13F00B4CDA1 /* WelcomeView */,
				C72ECEBC2D0DA13600B4CDA1 /* HomeView */,
				C72ECEB22D0D9FA800B4CDA1 /* Splash */,
			);
			path = Scenes;
			sourceTree = "<group>";
		};
		C72ECEB22D0D9FA800B4CDA1 /* Splash */ = {
			isa = PBXGroup;
			children = (
				C72ECEB32D0D9FBA00B4CDA1 /* SplashViewController.swift */,
				C72ECEB52D0D9FE300B4CDA1 /* SplashView.swift */,
				C72ECEC12D0DA1CD00B4CDA1 /* SplashFlowDelegate.swift */,
			);
			path = Splash;
			sourceTree = "<group>";
		};
		C72ECEB72D0DA0B400B4CDA1 /* Model */ = {
			isa = PBXGroup;
			children = (
				C72ECEC72D0DA2A800B4CDA1 /* PlaceModel.swift */,
				C72ECEC92D0DA4B900B4CDA1 /* PlaceAnnotation.swift */,
				C72ECECB2D0DA4C700B4CDA1 /* CategoryModel.swift */,
			);
			path = Model;
			sourceTree = "<group>";
		};
		C72ECEB82D0DA0BD00B4CDA1 /* Components */ = {
			isa = PBXGroup;
			children = (
				C72ECEBA2D0DA0E700B4CDA1 /* TipsView.swift */,
			);
			path = Components;
			sourceTree = "<group>";
		};
		C72ECEB92D0DA0CB00B4CDA1 /* Extensions */ = {
			isa = PBXGroup;
			children = (
				C72ECED52D0DA99700B4CDA1 /* UiViewController+ext.swift */,
			);
			path = Extensions;
			sourceTree = "<group>";
		};
		C72ECEBC2D0DA13600B4CDA1 /* HomeView */ = {
			isa = PBXGroup;
			children = (
				C72ECED02D0DA59F00B4CDA1 /* ViewModel */,
				C72ECEBE2D0DA16F00B4CDA1 /* TableViewCell */,
				C72ECEA72D0D9DA600B4CDA1 /* HomeView.swift */,
				C72ECEA92D0D9DC800B4CDA1 /* HomeViewController.swift */,
			);
			path = HomeView;
			sourceTree = "<group>";
		};
		C72ECEBD2D0DA13F00B4CDA1 /* WelcomeView */ = {
			isa = PBXGroup;
			children = (
				C72ECEC32D0DA22E00B4CDA1 /* WelcomeView.swift */,
				C72ECEC52D0DA25A00B4CDA1 /* WelcomeViewController.swift */,
				C72ECED32D0DA67200B4CDA1 /* WelcomeFlowDelegate.swift */,
			);
			path = WelcomeView;
			sourceTree = "<group>";
		};
		C72ECEBE2D0DA16F00B4CDA1 /* TableViewCell */ = {
			isa = PBXGroup;
			children = (
				C72ECEBF2D0DA18900B4CDA1 /* PlaceTableViewCell.swift */,
			);
			path = TableViewCell;
			sourceTree = "<group>";
		};
		C72ECECD2D0DA54F00B4CDA1 /* DetailsView */ = {
			isa = PBXGroup;
			children = (
				C72ECECE2D0DA56800B4CDA1 /* DetailsViewController.swift */,
			);
			path = DetailsView;
			sourceTree = "<group>";
		};
		C72ECED02D0DA59F00B4CDA1 /* ViewModel */ = {
			isa = PBXGroup;
			children = (
				C72ECED12D0DA5B400B4CDA1 /* HomeViewModel.swift */,
			);
			path = ViewModel;
			sourceTree = "<group>";
		};
		C7C5B77E2D0D978900D6B21C = {
			isa = PBXGroup;
			children = (
				C7C5B7892D0D978900D6B21C /* Nearby */,
				C7C5B7A02D0D978C00D6B21C /* NearbyTests */,
				C7C5B7AA2D0D978C00D6B21C /* NearbyUITests */,
				C7C5B7882D0D978900D6B21C /* Products */,
			);
			sourceTree = "<group>";
		};
		C7C5B7882D0D978900D6B21C /* Products */ = {
			isa = PBXGroup;
			children = (
				C7C5B7872D0D978900D6B21C /* Nearby.app */,
				C7C5B79D2D0D978C00D6B21C /* NearbyTests.xctest */,
				C7C5B7A72D0D978C00D6B21C /* NearbyUITests.xctest */,
			);
			name = Products;
			sourceTree = "<group>";
		};
		C7C5B7892D0D978900D6B21C /* Nearby */ = {
			isa = PBXGroup;
			children = (
				C72ECEA22D0D9D1F00B4CDA1 /* Resources */,
				C7C5B7BA2D0D988A00D6B21C /* Sources */,
				C7C5B78A2D0D978900D6B21C /* AppDelegate.swift */,
				C7C5B78C2D0D978900D6B21C /* SceneDelegate.swift */,
				C7C5B7982D0D978B00D6B21C /* Info.plist */,
			);
			path = Nearby;
			sourceTree = "<group>";
		};
		C7C5B7A02D0D978C00D6B21C /* NearbyTests */ = {
			isa = PBXGroup;
			children = (
				C7C5B7A12D0D978C00D6B21C /* NearbyTests.swift */,
			);
			path = NearbyTests;
			sourceTree = "<group>";
		};
		C7C5B7AA2D0D978C00D6B21C /* NearbyUITests */ = {
			isa = PBXGroup;
			children = (
				C7C5B7AB2D0D978C00D6B21C /* NearbyUITests.swift */,
				C7C5B7AD2D0D978C00D6B21C /* NearbyUITestsLaunchTests.swift */,
			);
			path = NearbyUITests;
			sourceTree = "<group>";
		};
		C7C5B7BA2D0D988A00D6B21C /* Sources */ = {
			isa = PBXGroup;
			children = (
				C72ECEA42D0D9D3500B4CDA1 /* Features */,
				C72ECEA32D0D9D2B00B4CDA1 /* Constants */,
			);
			path = Sources;
			sourceTree = "<group>";
		};
/* End PBXGroup section */

/* Begin PBXNativeTarget section */
		C7C5B7862D0D978900D6B21C /* Nearby */ = {
			isa = PBXNativeTarget;
			buildConfigurationList = C7C5B7B12D0D978C00D6B21C /* Build configuration list for PBXNativeTarget "Nearby" */;
			buildPhases = (
				C7C5B7832D0D978900D6B21C /* Sources */,
				C7C5B7842D0D978900D6B21C /* Frameworks */,
				C7C5B7852D0D978900D6B21C /* Resources */,
			);
			buildRules = (
			);
			dependencies = (
			);
			name = Nearby;
			productName = Nearby;
			productReference = C7C5B7872D0D978900D6B21C /* Nearby.app */;
			productType = "com.apple.product-type.application";
		};
		C7C5B79C2D0D978C00D6B21C /* NearbyTests */ = {
			isa = PBXNativeTarget;
			buildConfigurationList = C7C5B7B42D0D978C00D6B21C /* Build configuration list for PBXNativeTarget "NearbyTests" */;
			buildPhases = (
				C7C5B7992D0D978C00D6B21C /* Sources */,
				C7C5B79A2D0D978C00D6B21C /* Frameworks */,
				C7C5B79B2D0D978C00D6B21C /* Resources */,
			);
			buildRules = (
			);
			dependencies = (
				C7C5B79F2D0D978C00D6B21C /* PBXTargetDependency */,
			);
			name = NearbyTests;
			productName = NearbyTests;
			productReference = C7C5B79D2D0D978C00D6B21C /* NearbyTests.xctest */;
			productType = "com.apple.product-type.bundle.unit-test";
		};
		C7C5B7A62D0D978C00D6B21C /* NearbyUITests */ = {
			isa = PBXNativeTarget;
			buildConfigurationList = C7C5B7B72D0D978C00D6B21C /* Build configuration list for PBXNativeTarget "NearbyUITests" */;
			buildPhases = (
				C7C5B7A32D0D978C00D6B21C /* Sources */,
				C7C5B7A42D0D978C00D6B21C /* Frameworks */,
				C7C5B7A52D0D978C00D6B21C /* Resources */,
			);
			buildRules = (
			);
			dependencies = (
				C7C5B7A92D0D978C00D6B21C /* PBXTargetDependency */,
			);
			name = NearbyUITests;
			productName = NearbyUITests;
			productReference = C7C5B7A72D0D978C00D6B21C /* NearbyUITests.xctest */;
			productType = "com.apple.product-type.bundle.ui-testing";
		};
/* End PBXNativeTarget section */

/* Begin PBXProject section */
		C7C5B77F2D0D978900D6B21C /* Project object */ = {
			isa = PBXProject;
			attributes = {
				BuildIndependentTargetsInParallel = 1;
				LastSwiftUpdateCheck = 1420;
				LastUpgradeCheck = 1420;
				TargetAttributes = {
					C7C5B7862D0D978900D6B21C = {
						CreatedOnToolsVersion = 14.2;
					};
					C7C5B79C2D0D978C00D6B21C = {
						CreatedOnToolsVersion = 14.2;
						TestTargetID = C7C5B7862D0D978900D6B21C;
					};
					C7C5B7A62D0D978C00D6B21C = {
						CreatedOnToolsVersion = 14.2;
						TestTargetID = C7C5B7862D0D978900D6B21C;
					};
				};
			};
			buildConfigurationList = C7C5B7822D0D978900D6B21C /* Build configuration list for PBXProject "Nearby" */;
			compatibilityVersion = "Xcode 14.0";
			developmentRegion = en;
			hasScannedForEncodings = 0;
			knownRegions = (
				en,
				Base,
			);
			mainGroup = C7C5B77E2D0D978900D6B21C;
			productRefGroup = C7C5B7882D0D978900D6B21C /* Products */;
			projectDirPath = "";
			projectRoot = "";
			targets = (
				C7C5B7862D0D978900D6B21C /* Nearby */,
				C7C5B79C2D0D978C00D6B21C /* NearbyTests */,
				C7C5B7A62D0D978C00D6B21C /* NearbyUITests */,
			);
		};
/* End PBXProject section */

/* Begin PBXResourcesBuildPhase section */
		C7C5B7852D0D978900D6B21C /* Resources */ = {
			isa = PBXResourcesBuildPhase;
			buildActionMask = 2147483647;
			files = (
				C72ECEA62D0D9D5900B4CDA1 /* Assets.xcassets in Resources */,
			);
			runOnlyForDeploymentPostprocessing = 0;
		};
		C7C5B79B2D0D978C00D6B21C /* Resources */ = {
			isa = PBXResourcesBuildPhase;
			buildActionMask = 2147483647;
			files = (
			);
			runOnlyForDeploymentPostprocessing = 0;
		};
		C7C5B7A52D0D978C00D6B21C /* Resources */ = {
			isa = PBXResourcesBuildPhase;
			buildActionMask = 2147483647;
			files = (
			);
			runOnlyForDeploymentPostprocessing = 0;
		};
/* End PBXResourcesBuildPhase section */

/* Begin PBXSourcesBuildPhase section */
		C7C5B7832D0D978900D6B21C /* Sources */ = {
			isa = PBXSourcesBuildPhase;
			buildActionMask = 2147483647;
			files = (
				C72ECECA2D0DA4B900B4CDA1 /* PlaceAnnotation.swift in Sources */,
				C72ECEA82D0D9DA600B4CDA1 /* HomeView.swift in Sources */,
				C72ECEC82D0DA2A800B4CDA1 /* PlaceModel.swift in Sources */,
				C72ECED22D0DA5B400B4CDA1 /* HomeViewModel.swift in Sources */,
				C72ECED42D0DA67200B4CDA1 /* WelcomeFlowDelegate.swift in Sources */,
				C72ECE9F2D0D9CDA00B4CDA1 /* Colors.swift in Sources */,
				C72ECEAA2D0D9DC800B4CDA1 /* HomeViewController.swift in Sources */,
				C72ECEB42D0D9FBA00B4CDA1 /* SplashViewController.swift in Sources */,
				C72ECED62D0DA99700B4CDA1 /* UiViewController+ext.swift in Sources */,
				C72ECEC22D0DA1CD00B4CDA1 /* SplashFlowDelegate.swift in Sources */,
				C72ECECC2D0DA4C700B4CDA1 /* CategoryModel.swift in Sources */,
				C72ECEC62D0DA25A00B4CDA1 /* WelcomeViewController.swift in Sources */,
				C72ECEBB2D0DA0E700B4CDA1 /* TipsView.swift in Sources */,
				C7C5B78B2D0D978900D6B21C /* AppDelegate.swift in Sources */,
				C72ECEA12D0D9D0600B4CDA1 /* Typography.swift in Sources */,
				C72ECECF2D0DA56800B4CDA1 /* DetailsViewController.swift in Sources */,
				C72ECEB62D0D9FE300B4CDA1 /* SplashView.swift in Sources */,
				C7C5B78D2D0D978900D6B21C /* SceneDelegate.swift in Sources */,
				C72ECEAF2D0D9E6B00B4CDA1 /* NearbyFlowController.swift in Sources */,
				C72ECEC02D0DA18900B4CDA1 /* PlaceTableViewCell.swift in Sources */,
				C72ECEC42D0DA22E00B4CDA1 /* WelcomeView.swift in Sources */,
			);
			runOnlyForDeploymentPostprocessing = 0;
		};
		C7C5B7992D0D978C00D6B21C /* Sources */ = {
			isa = PBXSourcesBuildPhase;
			buildActionMask = 2147483647;
			files = (
				C7C5B7A22D0D978C00D6B21C /* NearbyTests.swift in Sources */,
			);
			runOnlyForDeploymentPostprocessing = 0;
		};
		C7C5B7A32D0D978C00D6B21C /* Sources */ = {
			isa = PBXSourcesBuildPhase;
			buildActionMask = 2147483647;
			files = (
				C7C5B7AC2D0D978C00D6B21C /* NearbyUITests.swift in Sources */,
				C7C5B7AE2D0D978C00D6B21C /* NearbyUITestsLaunchTests.swift in Sources */,
			);
			runOnlyForDeploymentPostprocessing = 0;
		};
/* End PBXSourcesBuildPhase section */

/* Begin PBXTargetDependency section */
		C7C5B79F2D0D978C00D6B21C /* PBXTargetDependency */ = {
			isa = PBXTargetDependency;
			target = C7C5B7862D0D978900D6B21C /* Nearby */;
			targetProxy = C7C5B79E2D0D978C00D6B21C /* PBXContainerItemProxy */;
		};
		C7C5B7A92D0D978C00D6B21C /* PBXTargetDependency */ = {
			isa = PBXTargetDependency;
			target = C7C5B7862D0D978900D6B21C /* Nearby */;
			targetProxy = C7C5B7A82D0D978C00D6B21C /* PBXContainerItemProxy */;
		};
/* End PBXTargetDependency section */

/* Begin XCBuildConfiguration section */
		C7C5B7AF2D0D978C00D6B21C /* Debug */ = {
			isa = XCBuildConfiguration;
			buildSettings = {
				ALWAYS_SEARCH_USER_PATHS = NO;
				CLANG_ANALYZER_NONNULL = YES;
				CLANG_ANALYZER_NUMBER_OBJECT_CONVERSION = YES_AGGRESSIVE;
				CLANG_CXX_LANGUAGE_STANDARD = "gnu++20";
				CLANG_ENABLE_MODULES = YES;
				CLANG_ENABLE_OBJC_ARC = YES;
				CLANG_ENABLE_OBJC_WEAK = YES;
				CLANG_WARN_BLOCK_CAPTURE_AUTORELEASING = YES;
				CLANG_WARN_BOOL_CONVERSION = YES;
				CLANG_WARN_COMMA = YES;
				CLANG_WARN_CONSTANT_CONVERSION = YES;
				CLANG_WARN_DEPRECATED_OBJC_IMPLEMENTATIONS = YES;
				CLANG_WARN_DIRECT_OBJC_ISA_USAGE = YES_ERROR;
				CLANG_WARN_DOCUMENTATION_COMMENTS = YES;
				CLANG_WARN_EMPTY_BODY = YES;
				CLANG_WARN_ENUM_CONVERSION = YES;
				CLANG_WARN_INFINITE_RECURSION = YES;
				CLANG_WARN_INT_CONVERSION = YES;
				CLANG_WARN_NON_LITERAL_NULL_CONVERSION = YES;
				CLANG_WARN_OBJC_IMPLICIT_RETAIN_SELF = YES;
				CLANG_WARN_OBJC_LITERAL_CONVERSION = YES;
				CLANG_WARN_OBJC_ROOT_CLASS = YES_ERROR;
				CLANG_WARN_QUOTED_INCLUDE_IN_FRAMEWORK_HEADER = YES;
				CLANG_WARN_RANGE_LOOP_ANALYSIS = YES;
				CLANG_WARN_STRICT_PROTOTYPES = YES;
				CLANG_WARN_SUSPICIOUS_MOVE = YES;
				CLANG_WARN_UNGUARDED_AVAILABILITY = YES_AGGRESSIVE;
				CLANG_WARN_UNREACHABLE_CODE = YES;
				CLANG_WARN__DUPLICATE_METHOD_MATCH = YES;
				COPY_PHASE_STRIP = NO;
				DEBUG_INFORMATION_FORMAT = dwarf;
				ENABLE_STRICT_OBJC_MSGSEND = YES;
				ENABLE_TESTABILITY = YES;
				GCC_C_LANGUAGE_STANDARD = gnu11;
				GCC_DYNAMIC_NO_PIC = NO;
				GCC_NO_COMMON_BLOCKS = YES;
				GCC_OPTIMIZATION_LEVEL = 0;
				GCC_PREPROCESSOR_DEFINITIONS = (
					"DEBUG=1",
					"$(inherited)",
				);
				GCC_WARN_64_TO_32_BIT_CONVERSION = YES;
				GCC_WARN_ABOUT_RETURN_TYPE = YES_ERROR;
				GCC_WARN_UNDECLARED_SELECTOR = YES;
				GCC_WARN_UNINITIALIZED_AUTOS = YES_AGGRESSIVE;
				GCC_WARN_UNUSED_FUNCTION = YES;
				GCC_WARN_UNUSED_VARIABLE = YES;
				IPHONEOS_DEPLOYMENT_TARGET = 16.2;
				MTL_ENABLE_DEBUG_INFO = INCLUDE_SOURCE;
				MTL_FAST_MATH = YES;
				ONLY_ACTIVE_ARCH = YES;
				SDKROOT = iphoneos;
				SWIFT_ACTIVE_COMPILATION_CONDITIONS = DEBUG;
				SWIFT_OPTIMIZATION_LEVEL = "-Onone";
			};
			name = Debug;
		};
		C7C5B7B02D0D978C00D6B21C /* Release */ = {
			isa = XCBuildConfiguration;
			buildSettings = {
				ALWAYS_SEARCH_USER_PATHS = NO;
				CLANG_ANALYZER_NONNULL = YES;
				CLANG_ANALYZER_NUMBER_OBJECT_CONVERSION = YES_AGGRESSIVE;
				CLANG_CXX_LANGUAGE_STANDARD = "gnu++20";
				CLANG_ENABLE_MODULES = YES;
				CLANG_ENABLE_OBJC_ARC = YES;
				CLANG_ENABLE_OBJC_WEAK = YES;
				CLANG_WARN_BLOCK_CAPTURE_AUTORELEASING = YES;
				CLANG_WARN_BOOL_CONVERSION = YES;
				CLANG_WARN_COMMA = YES;
				CLANG_WARN_CONSTANT_CONVERSION = YES;
				CLANG_WARN_DEPRECATED_OBJC_IMPLEMENTATIONS = YES;
				CLANG_WARN_DIRECT_OBJC_ISA_USAGE = YES_ERROR;
				CLANG_WARN_DOCUMENTATION_COMMENTS = YES;
				CLANG_WARN_EMPTY_BODY = YES;
				CLANG_WARN_ENUM_CONVERSION = YES;
				CLANG_WARN_INFINITE_RECURSION = YES;
				CLANG_WARN_INT_CONVERSION = YES;
				CLANG_WARN_NON_LITERAL_NULL_CONVERSION = YES;
				CLANG_WARN_OBJC_IMPLICIT_RETAIN_SELF = YES;
				CLANG_WARN_OBJC_LITERAL_CONVERSION = YES;
				CLANG_WARN_OBJC_ROOT_CLASS = YES_ERROR;
				CLANG_WARN_QUOTED_INCLUDE_IN_FRAMEWORK_HEADER = YES;
				CLANG_WARN_RANGE_LOOP_ANALYSIS = YES;
				CLANG_WARN_STRICT_PROTOTYPES = YES;
				CLANG_WARN_SUSPICIOUS_MOVE = YES;
				CLANG_WARN_UNGUARDED_AVAILABILITY = YES_AGGRESSIVE;
				CLANG_WARN_UNREACHABLE_CODE = YES;
				CLANG_WARN__DUPLICATE_METHOD_MATCH = YES;
				COPY_PHASE_STRIP = NO;
				DEBUG_INFORMATION_FORMAT = "dwarf-with-dsym";
				ENABLE_NS_ASSERTIONS = NO;
				ENABLE_STRICT_OBJC_MSGSEND = YES;
				GCC_C_LANGUAGE_STANDARD = gnu11;
				GCC_NO_COMMON_BLOCKS = YES;
				GCC_WARN_64_TO_32_BIT_CONVERSION = YES;
				GCC_WARN_ABOUT_RETURN_TYPE = YES_ERROR;
				GCC_WARN_UNDECLARED_SELECTOR = YES;
				GCC_WARN_UNINITIALIZED_AUTOS = YES_AGGRESSIVE;
				GCC_WARN_UNUSED_FUNCTION = YES;
				GCC_WARN_UNUSED_VARIABLE = YES;
				IPHONEOS_DEPLOYMENT_TARGET = 16.2;
				MTL_ENABLE_DEBUG_INFO = NO;
				MTL_FAST_MATH = YES;
				SDKROOT = iphoneos;
				SWIFT_COMPILATION_MODE = wholemodule;
				SWIFT_OPTIMIZATION_LEVEL = "-O";
				VALIDATE_PRODUCT = YES;
			};
			name = Release;
		};
		C7C5B7B22D0D978C00D6B21C /* Debug */ = {
			isa = XCBuildConfiguration;
			buildSettings = {
				ASSETCATALOG_COMPILER_APPICON_NAME = AppIcon;
				ASSETCATALOG_COMPILER_GLOBAL_ACCENT_COLOR_NAME = AccentColor;
				CODE_SIGN_STYLE = Automatic;
				CURRENT_PROJECT_VERSION = 1;
				DEVELOPMENT_TEAM = LX4JZKR8JK;
				GENERATE_INFOPLIST_FILE = YES;
				INFOPLIST_FILE = Nearby/Info.plist;
				INFOPLIST_KEY_UIApplicationSupportsIndirectInputEvents = YES;
				INFOPLIST_KEY_UILaunchStoryboardName = LaunchScreen;
				INFOPLIST_KEY_UISupportedInterfaceOrientations_iPad = "UIInterfaceOrientationPortrait UIInterfaceOrientationPortraitUpsideDown UIInterfaceOrientationLandscapeLeft UIInterfaceOrientationLandscapeRight";
				INFOPLIST_KEY_UISupportedInterfaceOrientations_iPhone = "UIInterfaceOrientationPortrait UIInterfaceOrientationLandscapeLeft UIInterfaceOrientationLandscapeRight";
				LD_RUNPATH_SEARCH_PATHS = (
					"$(inherited)",
					"@executable_path/Frameworks",
				);
				MARKETING_VERSION = 1.0;
				PRODUCT_BUNDLE_IDENTIFIER = com.br.renataalbq.Nearby;
				PRODUCT_NAME = "$(TARGET_NAME)";
				SWIFT_EMIT_LOC_STRINGS = YES;
				SWIFT_VERSION = 5.0;
				TARGETED_DEVICE_FAMILY = "1,2";
			};
			name = Debug;
		};
		C7C5B7B32D0D978C00D6B21C /* Release */ = {
			isa = XCBuildConfiguration;
			buildSettings = {
				ASSETCATALOG_COMPILER_APPICON_NAME = AppIcon;
				ASSETCATALOG_COMPILER_GLOBAL_ACCENT_COLOR_NAME = AccentColor;
				CODE_SIGN_STYLE = Automatic;
				CURRENT_PROJECT_VERSION = 1;
				DEVELOPMENT_TEAM = LX4JZKR8JK;
				GENERATE_INFOPLIST_FILE = YES;
				INFOPLIST_FILE = Nearby/Info.plist;
				INFOPLIST_KEY_UIApplicationSupportsIndirectInputEvents = YES;
				INFOPLIST_KEY_UILaunchStoryboardName = LaunchScreen;
				INFOPLIST_KEY_UISupportedInterfaceOrientations_iPad = "UIInterfaceOrientationPortrait UIInterfaceOrientationPortraitUpsideDown UIInterfaceOrientationLandscapeLeft UIInterfaceOrientationLandscapeRight";
				INFOPLIST_KEY_UISupportedInterfaceOrientations_iPhone = "UIInterfaceOrientationPortrait UIInterfaceOrientationLandscapeLeft UIInterfaceOrientationLandscapeRight";
				LD_RUNPATH_SEARCH_PATHS = (
					"$(inherited)",
					"@executable_path/Frameworks",
				);
				MARKETING_VERSION = 1.0;
				PRODUCT_BUNDLE_IDENTIFIER = com.br.renataalbq.Nearby;
				PRODUCT_NAME = "$(TARGET_NAME)";
				SWIFT_EMIT_LOC_STRINGS = YES;
				SWIFT_VERSION = 5.0;
				TARGETED_DEVICE_FAMILY = "1,2";
			};
			name = Release;
		};
		C7C5B7B52D0D978C00D6B21C /* Debug */ = {
			isa = XCBuildConfiguration;
			buildSettings = {
				ALWAYS_EMBED_SWIFT_STANDARD_LIBRARIES = YES;
				BUNDLE_LOADER = "$(TEST_HOST)";
				CODE_SIGN_STYLE = Automatic;
				CURRENT_PROJECT_VERSION = 1;
				DEVELOPMENT_TEAM = LX4JZKR8JK;
				GENERATE_INFOPLIST_FILE = YES;
				IPHONEOS_DEPLOYMENT_TARGET = 16.2;
				MARKETING_VERSION = 1.0;
				PRODUCT_BUNDLE_IDENTIFIER = com.br.renataalbq.NearbyTests;
				PRODUCT_NAME = "$(TARGET_NAME)";
				SWIFT_EMIT_LOC_STRINGS = NO;
				SWIFT_VERSION = 5.0;
				TARGETED_DEVICE_FAMILY = "1,2";
				TEST_HOST = "$(BUILT_PRODUCTS_DIR)/Nearby.app/$(BUNDLE_EXECUTABLE_FOLDER_PATH)/Nearby";
			};
			name = Debug;
		};
		C7C5B7B62D0D978C00D6B21C /* Release */ = {
			isa = XCBuildConfiguration;
			buildSettings = {
				ALWAYS_EMBED_SWIFT_STANDARD_LIBRARIES = YES;
				BUNDLE_LOADER = "$(TEST_HOST)";
				CODE_SIGN_STYLE = Automatic;
				CURRENT_PROJECT_VERSION = 1;
				DEVELOPMENT_TEAM = LX4JZKR8JK;
				GENERATE_INFOPLIST_FILE = YES;
				IPHONEOS_DEPLOYMENT_TARGET = 16.2;
				MARKETING_VERSION = 1.0;
				PRODUCT_BUNDLE_IDENTIFIER = com.br.renataalbq.NearbyTests;
				PRODUCT_NAME = "$(TARGET_NAME)";
				SWIFT_EMIT_LOC_STRINGS = NO;
				SWIFT_VERSION = 5.0;
				TARGETED_DEVICE_FAMILY = "1,2";
				TEST_HOST = "$(BUILT_PRODUCTS_DIR)/Nearby.app/$(BUNDLE_EXECUTABLE_FOLDER_PATH)/Nearby";
			};
			name = Release;
		};
		C7C5B7B82D0D978C00D6B21C /* Debug */ = {
			isa = XCBuildConfiguration;
			buildSettings = {
				ALWAYS_EMBED_SWIFT_STANDARD_LIBRARIES = YES;
				CODE_SIGN_STYLE = Automatic;
				CURRENT_PROJECT_VERSION = 1;
				DEVELOPMENT_TEAM = LX4JZKR8JK;
				GENERATE_INFOPLIST_FILE = YES;
				MARKETING_VERSION = 1.0;
				PRODUCT_BUNDLE_IDENTIFIER = com.br.renataalbq.NearbyUITests;
				PRODUCT_NAME = "$(TARGET_NAME)";
				SWIFT_EMIT_LOC_STRINGS = NO;
				SWIFT_VERSION = 5.0;
				TARGETED_DEVICE_FAMILY = "1,2";
				TEST_TARGET_NAME = Nearby;
			};
			name = Debug;
		};
		C7C5B7B92D0D978C00D6B21C /* Release */ = {
			isa = XCBuildConfiguration;
			buildSettings = {
				ALWAYS_EMBED_SWIFT_STANDARD_LIBRARIES = YES;
				CODE_SIGN_STYLE = Automatic;
				CURRENT_PROJECT_VERSION = 1;
				DEVELOPMENT_TEAM = LX4JZKR8JK;
				GENERATE_INFOPLIST_FILE = YES;
				MARKETING_VERSION = 1.0;
				PRODUCT_BUNDLE_IDENTIFIER = com.br.renataalbq.NearbyUITests;
				PRODUCT_NAME = "$(TARGET_NAME)";
				SWIFT_EMIT_LOC_STRINGS = NO;
				SWIFT_VERSION = 5.0;
				TARGETED_DEVICE_FAMILY = "1,2";
				TEST_TARGET_NAME = Nearby;
			};
			name = Release;
		};
/* End XCBuildConfiguration section */

/* Begin XCConfigurationList section */
		C7C5B7822D0D978900D6B21C /* Build configuration list for PBXProject "Nearby" */ = {
			isa = XCConfigurationList;
			buildConfigurations = (
				C7C5B7AF2D0D978C00D6B21C /* Debug */,
				C7C5B7B02D0D978C00D6B21C /* Release */,
			);
			defaultConfigurationIsVisible = 0;
			defaultConfigurationName = Release;
		};
		C7C5B7B12D0D978C00D6B21C /* Build configuration list for PBXNativeTarget "Nearby" */ = {
			isa = XCConfigurationList;
			buildConfigurations = (
				C7C5B7B22D0D978C00D6B21C /* Debug */,
				C7C5B7B32D0D978C00D6B21C /* Release */,
			);
			defaultConfigurationIsVisible = 0;
			defaultConfigurationName = Release;
		};
		C7C5B7B42D0D978C00D6B21C /* Build configuration list for PBXNativeTarget "NearbyTests" */ = {
			isa = XCConfigurationList;
			buildConfigurations = (
				C7C5B7B52D0D978C00D6B21C /* Debug */,
				C7C5B7B62D0D978C00D6B21C /* Release */,
			);
			defaultConfigurationIsVisible = 0;
			defaultConfigurationName = Release;
		};
		C7C5B7B72D0D978C00D6B21C /* Build configuration list for PBXNativeTarget "NearbyUITests" */ = {
			isa = XCConfigurationList;
			buildConfigurations = (
				C7C5B7B82D0D978C00D6B21C /* Debug */,
				C7C5B7B92D0D978C00D6B21C /* Release */,
			);
			defaultConfigurationIsVisible = 0;
			defaultConfigurationName = Release;
		};
/* End XCConfigurationList section */
	};
	rootObject = C7C5B77F2D0D978900D6B21C /* Project object */;
}
